
Microsoft Visual Studio Solution File, Format Version 12.00
# Visual Studio 15
VisualStudioVersion = 15.0.28307.2092
MinimumVisualStudioVersion = 10.0.40219.1
Project("{FAE04EC0-301F-11D3-BF4B-00C04F79EFBC}") = "Ejercicio2", "Ejercicio2\Ejercicio2.csproj", "{39C4C7C2-F73F-411E-AE3B-4BCE0E247B82}"
EndProject
Global
	GlobalSection(SolutionConfigurationPlatforms) = preSolution
		Debug|Any CPU = Debug|Any CPU
		Release|Any CPU = Release|Any CPU
	EndGlobalSection
	GlobalSection(ProjectConfigurationPlatforms) = postSolution
		{39C4C7C2-F73F-411E-AE3B-4BCE0E247B82}.Debug|Any CPU.ActiveCfg = Debug|Any CPU
		{39C4C7C2-F73F-411E-AE3B-4BCE0E247B82}.Debug|Any CPU.Build.0 = Debug|Any CPU
		{39C4C7C2-F73F-411E-AE3B-4BCE0E247B82}.Release|Any CPU.ActiveCfg = Release|Any CPU
		{39C4C7C2-F73F-411E-AE3B-4BCE0E247B82}.Release|Any CPU.Build.0 = Release|Any CPU
	EndGlobalSection
	GlobalSection(SolutionProperties) = preSolution
		HideSolutionNode = FALSE
	EndGlobalSection
	GlobalSection(ExtensibilityGlobals) = postSolution
		SolutionGuid = {759480AA-1896-47FA-90CB-667946D36BCB}
	EndGlobalSection
EndGlobal
